
Microsoft Visual Studio Solution File, Format Version 12.00
# Visual Studio Version 16
VisualStudioVersion = 16.0.32002.261
MinimumVisualStudioVersion = 10.0.40219.1
Project("{FAE04EC0-301F-11D3-BF4B-00C04F79EFBC}") = "WebApplication12", "WebApplication12\WebApplication12.csproj", "{C958AFE2-9754-4C8F-8071-347F46F4C255}"
EndProject
Global
	GlobalSection(SolutionConfigurationPlatforms) = preSolution
		Debug|Any CPU = Debug|Any CPU
		Release|Any CPU = Release|Any CPU
	EndGlobalSection
	GlobalSection(ProjectConfigurationPlatforms) = postSolution
		{C958AFE2-9754-4C8F-8071-347F46F4C255}.Debug|Any CPU.ActiveCfg = Debug|Any CPU
		{C958AFE2-9754-4C8F-8071-347F46F4C255}.Debug|Any CPU.Build.0 = Debug|Any CPU
		{C958AFE2-9754-4C8F-8071-347F46F4C255}.Release|Any CPU.ActiveCfg = Release|Any CPU
		{C958AFE2-9754-4C8F-8071-347F46F4C255}.Release|Any CPU.Build.0 = Release|Any CPU
	EndGlobalSection
	GlobalSection(SolutionProperties) = preSolution
		HideSolutionNode = FALSE
	EndGlobalSection
	GlobalSection(ExtensibilityGlobals) = postSolution
		SolutionGuid = {F94C554F-226C-4815-8C98-9955103D7EE5}
	EndGlobalSection
EndGlobal
